
Microsoft Visual Studio Solution File, Format Version 11.00
# Visual Studio 2010
Project("{FAE04EC0-301F-11D3-BF4B-00C04F79EFBC}") = "DagYig", "..\..\Projects\DagYig\DagYig\DagYig.csproj", "{79B81538-EB1F-48EF-A6D0-178474DEEE6E}"
EndProject
Project("{54435603-DBB4-11D2-8724-00A0C9A8B90C}") = "DagYigSetup", "DagYigSetup\DagYigSetup.vdproj", "{C14ECE96-1213-42DA-BA88-808EC827E2C9}"
EndProject
Project("{FAE04EC0-301F-11D3-BF4B-00C04F79EFBC}") = "DagYigInstaller", "DagYigInstaller\DagYigInstaller.csproj", "{2BF32F8B-E993-4625-9F29-FB3ECB416D2C}"
EndProject
Global
	GlobalSection(SolutionConfigurationPlatforms) = preSolution
		Debug|Any CPU = Debug|Any CPU
		Release|Any CPU = Release|Any CPU
	EndGlobalSection
	GlobalSection(ProjectConfigurationPlatforms) = postSolution
		{79B81538-EB1F-48EF-A6D0-178474DEEE6E}.Debug|Any CPU.ActiveCfg = Debug|Any CPU
		{79B81538-EB1F-48EF-A6D0-178474DEEE6E}.Debug|Any CPU.Build.0 = Debug|Any CPU
		{79B81538-EB1F-48EF-A6D0-178474DEEE6E}.Release|Any CPU.ActiveCfg = Release|Any CPU
		{79B81538-EB1F-48EF-A6D0-178474DEEE6E}.Release|Any CPU.Build.0 = Release|Any CPU
		{C14ECE96-1213-42DA-BA88-808EC827E2C9}.Debug|Any CPU.ActiveCfg = Debug
		{C14ECE96-1213-42DA-BA88-808EC827E2C9}.Release|Any CPU.ActiveCfg = Release
		{2BF32F8B-E993-4625-9F29-FB3ECB416D2C}.Debug|Any CPU.ActiveCfg = Debug|Any CPU
		{2BF32F8B-E993-4625-9F29-FB3ECB416D2C}.Debug|Any CPU.Build.0 = Debug|Any CPU
		{2BF32F8B-E993-4625-9F29-FB3ECB416D2C}.Release|Any CPU.ActiveCfg = Release|Any CPU
		{2BF32F8B-E993-4625-9F29-FB3ECB416D2C}.Release|Any CPU.Build.0 = Release|Any CPU
	EndGlobalSection
	GlobalSection(SolutionProperties) = preSolution
		HideSolutionNode = FALSE
	EndGlobalSection
EndGlobal
